{
  "name": "@nicholaswmin/similar",
  "version": "0.1.0",
  "lockfileVersion": 3,
  "requires": true,
  "packages": {
    "": {
      "name": "@nicholaswmin/similar",
      "version": "0.1.0",
      "license": "MIT-0",
      "dependencies": {
        "@nicholaswmin/similar": "github:nicholaswmin/similar"
      },
      "engines": {
        "node": ">=22.6"
      }
    },
    "node_modules/@nicholaswmin/similar": {
      "version": "0.1.0",
      "resolved": "git+ssh://git@github.com/nicholaswmin/similar.git#5ed09fb38e9578c46d7860fe543acc750e055eef",
      "license": "MIT-0",
      "engines": {
        "node": ">=22.6"
      }
    }
  }
}
